
Microsoft Visual Studio Solution File, Format Version 12.00
# Visual Studio Version 17
VisualStudioVersion = 17.1.32104.313
MinimumVisualStudioVersion = 10.0.40219.1
Project("{FAE04EC0-301F-11D3-BF4B-00C04F79EFBC}") = "PortfolioProjectWinter22", "PortfolioProjectWinter22.csproj", "{CC549E4A-6881-48CB-9AE9-925C9DBA41DF}"
EndProject
Global
	GlobalSection(SolutionConfigurationPlatforms) = preSolution
		Debug|Any CPU = Debug|Any CPU
		Release|Any CPU = Release|Any CPU
	EndGlobalSection
	GlobalSection(ProjectConfigurationPlatforms) = postSolution
		{CC549E4A-6881-48CB-9AE9-925C9DBA41DF}.Debug|Any CPU.ActiveCfg = Debug|Any CPU
		{CC549E4A-6881-48CB-9AE9-925C9DBA41DF}.Debug|Any CPU.Build.0 = Debug|Any CPU
		{CC549E4A-6881-48CB-9AE9-925C9DBA41DF}.Release|Any CPU.ActiveCfg = Release|Any CPU
		{CC549E4A-6881-48CB-9AE9-925C9DBA41DF}.Release|Any CPU.Build.0 = Release|Any CPU
	EndGlobalSection
	GlobalSection(SolutionProperties) = preSolution
		HideSolutionNode = FALSE
	EndGlobalSection
	GlobalSection(ExtensibilityGlobals) = postSolution
		SolutionGuid = {2A784F05-E408-457A-92AE-422974A35127}
	EndGlobalSection
EndGlobal
